github.com/gorilla/mux v1.8.0 h1:i40aqfkR1h2SlN9hojwV5ZA91wcXFOvkdNIeFDP5koI=
github.com/gorilla/mux v1.8.0/go.mod h1:DVbg23sWSpFRCP0SfiEN6jmj59UnW/n46BH5rLB71So=
github.com/wI2L/jsondiff v0.4.0 h1:iP56F9tK83eiLttg3YdmEENtZnwlYd3ezEpNNnfZVyM=
github.com/wI2L/jsondiff v0.4.0/go.mod h1:nR/vyy1efuDeAtMwc3AF6nZf/2LD1ID8GTyyJ+K8YB0=
